
Microsoft Visual Studio Solution File, Format Version 12.00
# Visual Studio Version 17
VisualStudioVersion = 17.0.31903.59
MinimumVisualStudioVersion = 10.0.40219.1
Project("{FAE04EC0-301F-11D3-BF4B-00C04F79EFBC}") = "AgenticStructuredOutput", "AgenticStructuredOutput\AgenticStructuredOutput.csproj", "{31AE4113-1CE9-4FAF-9FE5-F485973C85FE}"
EndProject
Project("{FAE04EC0-301F-11D3-BF4B-00C04F79EFBC}") = "AgenticStructuredOutput.Tests", "AgenticStructuredOutput.Tests\AgenticStructuredOutput.Tests.csproj", "{BBAEB82A-BC46-42F4-B323-11AF4A573716}"
EndProject
Global
	GlobalSection(SolutionConfigurationPlatforms) = preSolution
		Debug|Any CPU = Debug|Any CPU
		Debug|x64 = Debug|x64
		Debug|x86 = Debug|x86
		Release|Any CPU = Release|Any CPU
		Release|x64 = Release|x64
		Release|x86 = Release|x86
	EndGlobalSection
	GlobalSection(ProjectConfigurationPlatforms) = postSolution
		{31AE4113-1CE9-4FAF-9FE5-F485973C85FE}.Debug|Any CPU.ActiveCfg = Debug|Any CPU
		{31AE4113-1CE9-4FAF-9FE5-F485973C85FE}.Debug|Any CPU.Build.0 = Debug|Any CPU
		{31AE4113-1CE9-4FAF-9FE5-F485973C85FE}.Debug|x64.ActiveCfg = Debug|Any CPU
		{31AE4113-1CE9-4FAF-9FE5-F485973C85FE}.Debug|x64.Build.0 = Debug|Any CPU
		{31AE4113-1CE9-4FAF-9FE5-F485973C85FE}.Debug|x86.ActiveCfg = Debug|Any CPU
		{31AE4113-1CE9-4FAF-9FE5-F485973C85FE}.Debug|x86.Build.0 = Debug|Any CPU
		{31AE4113-1CE9-4FAF-9FE5-F485973C85FE}.Release|Any CPU.ActiveCfg = Release|Any CPU
		{31AE4113-1CE9-4FAF-9FE5-F485973C85FE}.Release|Any CPU.Build.0 = Release|Any CPU
		{31AE4113-1CE9-4FAF-9FE5-F485973C85FE}.Release|x64.ActiveCfg = Release|Any CPU
		{31AE4113-1CE9-4FAF-9FE5-F485973C85FE}.Release|x64.Build.0 = Release|Any CPU
		{31AE4113-1CE9-4FAF-9FE5-F485973C85FE}.Release|x86.ActiveCfg = Release|Any CPU
		{31AE4113-1CE9-4FAF-9FE5-F485973C85FE}.Release|x86.Build.0 = Release|Any CPU
		{BBAEB82A-BC46-42F4-B323-11AF4A573716}.Debug|Any CPU.ActiveCfg = Debug|Any CPU
		{BBAEB82A-BC46-42F4-B323-11AF4A573716}.Debug|Any CPU.Build.0 = Debug|Any CPU
		{BBAEB82A-BC46-42F4-B323-11AF4A573716}.Debug|x64.ActiveCfg = Debug|Any CPU
		{BBAEB82A-BC46-42F4-B323-11AF4A573716}.Debug|x64.Build.0 = Debug|Any CPU
		{BBAEB82A-BC46-42F4-B323-11AF4A573716}.Debug|x86.ActiveCfg = Debug|Any CPU
		{BBAEB82A-BC46-42F4-B323-11AF4A573716}.Debug|x86.Build.0 = Debug|Any CPU
		{BBAEB82A-BC46-42F4-B323-11AF4A573716}.Release|Any CPU.ActiveCfg = Release|Any CPU
		{BBAEB82A-BC46-42F4-B323-11AF4A573716}.Release|Any CPU.Build.0 = Release|Any CPU
		{BBAEB82A-BC46-42F4-B323-11AF4A573716}.Release|x64.ActiveCfg = Release|Any CPU
		{BBAEB82A-BC46-42F4-B323-11AF4A573716}.Release|x64.Build.0 = Release|Any CPU
		{BBAEB82A-BC46-42F4-B323-11AF4A573716}.Release|x86.ActiveCfg = Release|Any CPU
		{BBAEB82A-BC46-42F4-B323-11AF4A573716}.Release|x86.Build.0 = Release|Any CPU
	EndGlobalSection
	GlobalSection(SolutionProperties) = preSolution
		HideSolutionNode = FALSE
	EndGlobalSection
EndGlobal
